
Microsoft Visual Studio Solution File, Format Version 12.00
# Visual Studio Version 16
VisualStudioVersion = 16.0.31702.278
MinimumVisualStudioVersion = 10.0.40219.1
Project("{8BC9CEB8-8B4A-11D0-8D11-00A0C91BC942}") = "CameraGrab", "CameraGrab.vcxproj", "{EE133E53-715B-4F5F-8954-CD6DC503DF17}"
EndProject
Global
	GlobalSection(SolutionConfigurationPlatforms) = preSolution
		Debug|x64 = Debug|x64
		Debug|x86 = Debug|x86
		Release|x64 = Release|x64
		Release|x86 = Release|x86
	EndGlobalSection
	GlobalSection(ProjectConfigurationPlatforms) = postSolution
		{EE133E53-715B-4F5F-8954-CD6DC503DF17}.Debug|x64.ActiveCfg = Debug|x64
		{EE133E53-715B-4F5F-8954-CD6DC503DF17}.Debug|x64.Build.0 = Debug|x64
		{EE133E53-715B-4F5F-8954-CD6DC503DF17}.Debug|x86.ActiveCfg = Debug|x64
		{EE133E53-715B-4F5F-8954-CD6DC503DF17}.Debug|x86.Build.0 = Debug|x64
		{EE133E53-715B-4F5F-8954-CD6DC503DF17}.Release|x64.ActiveCfg = Release|x64
		{EE133E53-715B-4F5F-8954-CD6DC503DF17}.Release|x64.Build.0 = Release|x64
		{EE133E53-715B-4F5F-8954-CD6DC503DF17}.Release|x86.ActiveCfg = Release|x64
	EndGlobalSection
	GlobalSection(SolutionProperties) = preSolution
		HideSolutionNode = FALSE
	EndGlobalSection
	GlobalSection(ExtensibilityGlobals) = postSolution
		SolutionGuid = {5B8D8281-D90B-4FFC-ADE4-C02F384B7E6C}
	EndGlobalSection
EndGlobal
